{
  "name": "case",
  "version": "1.0.0",
  "lockfileVersion": 2,
  "requires": true,
  "packages": {
    "": {
      "name": "case",
      "version": "1.0.0",
      "license": "ISC",
      "dependencies": {
        "t": "^0.5.1",
        "tt": "^1.0.3"
      },
      "bin": {
        "case": "bin/case.js"
      }
    },
    "node_modules/t": {
      "version": "0.5.1",
      "resolved": "https://registry.npmmirror.com/t/-/t-0.5.1.tgz",
      "integrity": "sha512-VPWkKwJPOldeqDKesRwOLhKNbVRUbzh8yoFWqwMTXqQ2BpdY7SHJqPbIRb6qfidlFhh2LBNBDJQGjPnqQcwSgg==",
      "engines": {
        "node": "*"
      }
    },
    "node_modules/tt": {
      "version": "1.0.3",
      "resolved": "https://registry.npmmirror.com/tt/-/tt-1.0.3.tgz",
      "integrity": "sha512-O4+/IT6iX/V2gw/jr8RHVa2AnO5Iwq1+w6NoPskiAsZ3FMb2rVp4dfn44mIkKJUml9+/pLBdAfeszIivOPPTPA==",
      "license": "ISC"
    }
  },
  "dependencies": {
    "t": {
      "version": "0.5.1",
      "resolved": "https://registry.npmmirror.com/t/-/t-0.5.1.tgz",
      "integrity": "sha512-VPWkKwJPOldeqDKesRwOLhKNbVRUbzh8yoFWqwMTXqQ2BpdY7SHJqPbIRb6qfidlFhh2LBNBDJQGjPnqQcwSgg=="
    },
    "tt": {
      "version": "1.0.3",
      "resolved": "https://registry.npmmirror.com/tt/-/tt-1.0.3.tgz",
      "integrity": "sha512-O4+/IT6iX/V2gw/jr8RHVa2AnO5Iwq1+w6NoPskiAsZ3FMb2rVp4dfn44mIkKJUml9+/pLBdAfeszIivOPPTPA=="
    }
  }
}
